
Microsoft Visual Studio Solution File, Format Version 12.00
# Visual Studio Version 17
VisualStudioVersion = 17.4.33205.214
MinimumVisualStudioVersion = 10.0.40219.1
Project("{8BC9CEB8-8B4A-11D0-8D11-00A0C91BC942}") = "w6p2", "w6p2.vcxproj", "{EC6F8942-E2F1-402F-8436-5209ACD2640C}"
EndProject
Global
	GlobalSection(SolutionConfigurationPlatforms) = preSolution
		Debug|x64 = Debug|x64
		Debug|x86 = Debug|x86
		Release|x64 = Release|x64
		Release|x86 = Release|x86
	EndGlobalSection
	GlobalSection(ProjectConfigurationPlatforms) = postSolution
		{EC6F8942-E2F1-402F-8436-5209ACD2640C}.Debug|x64.ActiveCfg = Debug|x64
		{EC6F8942-E2F1-402F-8436-5209ACD2640C}.Debug|x64.Build.0 = Debug|x64
		{EC6F8942-E2F1-402F-8436-5209ACD2640C}.Debug|x86.ActiveCfg = Debug|Win32
		{EC6F8942-E2F1-402F-8436-5209ACD2640C}.Debug|x86.Build.0 = Debug|Win32
		{EC6F8942-E2F1-402F-8436-5209ACD2640C}.Release|x64.ActiveCfg = Release|x64
		{EC6F8942-E2F1-402F-8436-5209ACD2640C}.Release|x64.Build.0 = Release|x64
		{EC6F8942-E2F1-402F-8436-5209ACD2640C}.Release|x86.ActiveCfg = Release|Win32
		{EC6F8942-E2F1-402F-8436-5209ACD2640C}.Release|x86.Build.0 = Release|Win32
	EndGlobalSection
	GlobalSection(SolutionProperties) = preSolution
		HideSolutionNode = FALSE
	EndGlobalSection
	GlobalSection(ExtensibilityGlobals) = postSolution
		SolutionGuid = {AEB73ED2-7233-4D76-80C5-3EDD0EC6FC74}
	EndGlobalSection
EndGlobal
